
Microsoft Visual Studio Solution File, Format Version 11.00
# Visual Studio 2010
Project("{8BC9CEB8-8B4A-11D0-8D11-00A0C91BC942}") = "Snake", "Snake.vcxproj", "{3F4E0E95-D30C-4C19-A7D1-9BBA6BA6DFB6}"
EndProject
Global
	GlobalSection(SolutionConfigurationPlatforms) = preSolution
		Debug|Win32 = Debug|Win32
		Release|Win32 = Release|Win32
	EndGlobalSection
	GlobalSection(ProjectConfigurationPlatforms) = postSolution
		{3F4E0E95-D30C-4C19-A7D1-9BBA6BA6DFB6}.Debug|Win32.ActiveCfg = Debug|Win32
		{3F4E0E95-D30C-4C19-A7D1-9BBA6BA6DFB6}.Debug|Win32.Build.0 = Debug|Win32
		{3F4E0E95-D30C-4C19-A7D1-9BBA6BA6DFB6}.Release|Win32.ActiveCfg = Release|Win32
		{3F4E0E95-D30C-4C19-A7D1-9BBA6BA6DFB6}.Release|Win32.Build.0 = Release|Win32
	EndGlobalSection
	GlobalSection(SolutionProperties) = preSolution
		HideSolutionNode = FALSE
	EndGlobalSection
EndGlobal
